// !$*UTF8*$!
{
	archiveVersion = 1;
	classes = {
	};
	objectVersion = 46;
	objects = {

/* Begin PBXFileReference section */
		D0F88CDE1CEF269B00E82C79 /* main.cpp */ = {isa = PBXFileReference; lastKnownFileType = sourcecode.cpp.cpp; name = main.cpp; path = scr/main.cpp; sourceTree = "<group>"; };
/* End PBXFileReference section */

/* Begin PBXGroup section */
		D0F88CD71CEF1F5B00E82C79 = {
			isa = PBXGroup;
			children = (
				D0F88CDE1CEF269B00E82C79 /* main.cpp */,
			);
			sourceTree = "<group>";
		};
/* End PBXGroup section */

/* Begin PBXProject section */
		D0F88CD81CEF1F5B00E82C79 /* Project object */ = {
			isa = PBXProject;
			attributes = {
				LastUpgradeCheck = 0730;
			};
			buildConfigurationList = D0F88CDB1CEF1F5B00E82C79 /* Build configuration list for PBXProject "OpenGA" */;
			compatibilityVersion = "Xcode 3.2";
			developmentRegion = English;
			hasScannedForEncodings = 0;
			knownRegions = (
				en,
			);
			mainGroup = D0F88CD71CEF1F5B00E82C79;
			projectDirPath = "";
			projectRoot = "";
			targets = (
			);
		};
/* End PBXProject section */

/* Begin XCBuildConfiguration section */
		D0F88CDC1CEF1F5B00E82C79 /* Debug */ = {
			isa = XCBuildConfiguration;
			buildSettings = {
			};
			name = Debug;
		};
		D0F88CDD1CEF1F5B00E82C79 /* Release */ = {
			isa = XCBuildConfiguration;
			buildSettings = {
			};
			name = Release;
		};
/* End XCBuildConfiguration section */

/* Begin XCConfigurationList section */
		D0F88CDB1CEF1F5B00E82C79 /* Build configuration list for PBXProject "OpenGA" */ = {
			isa = XCConfigurationList;
			buildConfigurations = (
				D0F88CDC1CEF1F5B00E82C79 /* Debug */,
				D0F88CDD1CEF1F5B00E82C79 /* Release */,
			);
			defaultConfigurationIsVisible = 0;
			defaultConfigurationName = Release;
		};
/* End XCConfigurationList section */
	};
	rootObject = D0F88CD81CEF1F5B00E82C79 /* Project object */;
}
