// !$*UTF8*$!
{
	archiveVersion = 1;
	classes = {
	};
	objectVersion = 46;
	objects = {

/* Begin PBXBuildFile section */
		D03229E01CEF404D00AD77E0 /* main.cpp in Sources */ = {isa = PBXBuildFile; fileRef = D0F88CDE1CEF269B00E82C79 /* main.cpp */; };
/* End PBXBuildFile section */

/* Begin PBXCopyFilesBuildPhase section */
		D03229D61CEF403600AD77E0 /* CopyFiles */ = {
			isa = PBXCopyFilesBuildPhase;
			buildActionMask = 2147483647;
			dstPath = /usr/share/man/man1/;
			dstSubfolderSpec = 0;
			files = (
			);
			runOnlyForDeploymentPostprocessing = 1;
		};
/* End PBXCopyFilesBuildPhase section */

/* Begin PBXFileReference section */
		D03229D81CEF403600AD77E0 /* OpenGA */ = {isa = PBXFileReference; explicitFileType = "compiled.mach-o.executable"; includeInIndex = 0; path = OpenGA; sourceTree = BUILT_PRODUCTS_DIR; };
		D0F88CDE1CEF269B00E82C79 /* main.cpp */ = {isa = PBXFileReference; lastKnownFileType = sourcecode.cpp.cpp; name = main.cpp; path = scr/main.cpp; sourceTree = "<group>"; };
/* End PBXFileReference section */

/* Begin PBXFrameworksBuildPhase section */
		D03229D51CEF403600AD77E0 /* Frameworks */ = {
			isa = PBXFrameworksBuildPhase;
			buildActionMask = 2147483647;
			files = (
			);
			runOnlyForDeploymentPostprocessing = 0;
		};
/* End PBXFrameworksBuildPhase section */

/* Begin PBXGroup section */
		D03229D21CEF2D1300AD77E0 /* scr */ = {
			isa = PBXGroup;
			children = (
				D0F88CDE1CEF269B00E82C79 /* main.cpp */,
			);
			name = scr;
			sourceTree = "<group>";
		};
		D03229D91CEF403600AD77E0 /* Products */ = {
			isa = PBXGroup;
			children = (
				D03229D81CEF403600AD77E0 /* OpenGA */,
			);
			name = Products;
			sourceTree = "<group>";
		};
		D0F88CD71CEF1F5B00E82C79 = {
			isa = PBXGroup;
			children = (
				D03229D21CEF2D1300AD77E0 /* scr */,
				D03229D91CEF403600AD77E0 /* Products */,
			);
			sourceTree = "<group>";
			usesTabs = 1;
		};
/* End PBXGroup section */

/* Begin PBXNativeTarget section */
		D03229D71CEF403600AD77E0 /* OpenGA */ = {
			isa = PBXNativeTarget;
			buildConfigurationList = D03229DD1CEF403600AD77E0 /* Build configuration list for PBXNativeTarget "OpenGA" */;
			buildPhases = (
				D03229D41CEF403600AD77E0 /* Sources */,
				D03229D51CEF403600AD77E0 /* Frameworks */,
				D03229D61CEF403600AD77E0 /* CopyFiles */,
			);
			buildRules = (
			);
			dependencies = (
			);
			name = OpenGA;
			productName = OpenGA;
			productReference = D03229D81CEF403600AD77E0 /* OpenGA */;
			productType = "com.apple.product-type.tool";
		};
/* End PBXNativeTarget section */

/* Begin PBXProject section */
		D0F88CD81CEF1F5B00E82C79 /* Project object */ = {
			isa = PBXProject;
			attributes = {
				LastUpgradeCheck = 0730;
				TargetAttributes = {
					D03229D71CEF403600AD77E0 = {
						CreatedOnToolsVersion = 7.3.1;
					};
				};
			};
			buildConfigurationList = D0F88CDB1CEF1F5B00E82C79 /* Build configuration list for PBXProject "OpenGA" */;
			compatibilityVersion = "Xcode 3.2";
			developmentRegion = English;
			hasScannedForEncodings = 0;
			knownRegions = (
				en,
			);
			mainGroup = D0F88CD71CEF1F5B00E82C79;
			productRefGroup = D03229D91CEF403600AD77E0 /* Products */;
			projectDirPath = "";
			projectRoot = "";
			targets = (
				D03229D71CEF403600AD77E0 /* OpenGA */,
			);
		};
/* End PBXProject section */

/* Begin PBXSourcesBuildPhase section */
		D03229D41CEF403600AD77E0 /* Sources */ = {
			isa = PBXSourcesBuildPhase;
			buildActionMask = 2147483647;
			files = (
				D03229E01CEF404D00AD77E0 /* main.cpp in Sources */,
			);
			runOnlyForDeploymentPostprocessing = 0;
		};
/* End PBXSourcesBuildPhase section */

/* Begin XCBuildConfiguration section */
		D03229DE1CEF403600AD77E0 /* Debug */ = {
			isa = XCBuildConfiguration;
			buildSettings = {
				ALWAYS_SEARCH_USER_PATHS = NO;
				CLANG_ANALYZER_NONNULL = YES;
				CLANG_CXX_LANGUAGE_STANDARD = "c++14";
				CLANG_CXX_LIBRARY = "libc++";
				CLANG_ENABLE_MODULES = YES;
				CLANG_ENABLE_OBJC_ARC = YES;
				CLANG_WARN_BOOL_CONVERSION = YES;
				CLANG_WARN_CONSTANT_CONVERSION = YES;
				CLANG_WARN_DIRECT_OBJC_ISA_USAGE = YES_ERROR;
				CLANG_WARN_EMPTY_BODY = YES;
				CLANG_WARN_ENUM_CONVERSION = YES;
				CLANG_WARN_INT_CONVERSION = YES;
				CLANG_WARN_OBJC_ROOT_CLASS = YES_ERROR;
				CLANG_WARN_UNREACHABLE_CODE = YES;
				CLANG_WARN__DUPLICATE_METHOD_MATCH = YES;
				CODE_SIGN_IDENTITY = "-";
				COPY_PHASE_STRIP = NO;
				DEBUG_INFORMATION_FORMAT = dwarf;
				ENABLE_STRICT_OBJC_MSGSEND = YES;
				ENABLE_TESTABILITY = YES;
				GCC_C_LANGUAGE_STANDARD = c11;
				GCC_DYNAMIC_NO_PIC = NO;
				GCC_NO_COMMON_BLOCKS = YES;
				GCC_OPTIMIZATION_LEVEL = 0;
				GCC_PREPROCESSOR_DEFINITIONS = (
					"DEBUG=1",
					"$(inherited)",
				);
				GCC_WARN_64_TO_32_BIT_CONVERSION = YES;
				GCC_WARN_ABOUT_RETURN_TYPE = YES_ERROR;
				GCC_WARN_UNDECLARED_SELECTOR = YES;
				GCC_WARN_UNINITIALIZED_AUTOS = YES_AGGRESSIVE;
				GCC_WARN_UNUSED_FUNCTION = YES;
				GCC_WARN_UNUSED_VARIABLE = YES;
				MACOSX_DEPLOYMENT_TARGET = 10.11;
				MTL_ENABLE_DEBUG_INFO = YES;
				ONLY_ACTIVE_ARCH = YES;
				PRODUCT_NAME = "$(TARGET_NAME)";
				SDKROOT = macosx;
			};
			name = Debug;
		};
		D03229DF1CEF403600AD77E0 /* Release */ = {
			isa = XCBuildConfiguration;
			buildSettings = {
				ALWAYS_SEARCH_USER_PATHS = NO;
				CLANG_ANALYZER_NONNULL = YES;
				CLANG_CXX_LANGUAGE_STANDARD = "c++14";
				CLANG_CXX_LIBRARY = "libc++";
				CLANG_ENABLE_MODULES = YES;
				CLANG_ENABLE_OBJC_ARC = YES;
				CLANG_WARN_BOOL_CONVERSION = YES;
				CLANG_WARN_CONSTANT_CONVERSION = YES;
				CLANG_WARN_DIRECT_OBJC_ISA_USAGE = YES_ERROR;
				CLANG_WARN_EMPTY_BODY = YES;
				CLANG_WARN_ENUM_CONVERSION = YES;
				CLANG_WARN_INT_CONVERSION = YES;
				CLANG_WARN_OBJC_ROOT_CLASS = YES_ERROR;
				CLANG_WARN_UNREACHABLE_CODE = YES;
				CLANG_WARN__DUPLICATE_METHOD_MATCH = YES;
				CODE_SIGN_IDENTITY = "-";
				COPY_PHASE_STRIP = NO;
				DEBUG_INFORMATION_FORMAT = "dwarf-with-dsym";
				ENABLE_NS_ASSERTIONS = NO;
				ENABLE_STRICT_OBJC_MSGSEND = YES;
				GCC_C_LANGUAGE_STANDARD = c11;
				GCC_NO_COMMON_BLOCKS = YES;
				GCC_WARN_64_TO_32_BIT_CONVERSION = YES;
				GCC_WARN_ABOUT_RETURN_TYPE = YES_ERROR;
				GCC_WARN_UNDECLARED_SELECTOR = YES;
				GCC_WARN_UNINITIALIZED_AUTOS = YES_AGGRESSIVE;
				GCC_WARN_UNUSED_FUNCTION = YES;
				GCC_WARN_UNUSED_VARIABLE = YES;
				MACOSX_DEPLOYMENT_TARGET = 10.11;
				MTL_ENABLE_DEBUG_INFO = NO;
				PRODUCT_NAME = "$(TARGET_NAME)";
				SDKROOT = macosx;
			};
			name = Release;
		};
		D0F88CDC1CEF1F5B00E82C79 /* Debug */ = {
			isa = XCBuildConfiguration;
			buildSettings = {
			};
			name = Debug;
		};
		D0F88CDD1CEF1F5B00E82C79 /* Release */ = {
			isa = XCBuildConfiguration;
			buildSettings = {
			};
			name = Release;
		};
/* End XCBuildConfiguration section */

/* Begin XCConfigurationList section */
		D03229DD1CEF403600AD77E0 /* Build configuration list for PBXNativeTarget "OpenGA" */ = {
			isa = XCConfigurationList;
			buildConfigurations = (
				D03229DE1CEF403600AD77E0 /* Debug */,
				D03229DF1CEF403600AD77E0 /* Release */,
			);
			defaultConfigurationIsVisible = 0;
		};
		D0F88CDB1CEF1F5B00E82C79 /* Build configuration list for PBXProject "OpenGA" */ = {
			isa = XCConfigurationList;
			buildConfigurations = (
				D0F88CDC1CEF1F5B00E82C79 /* Debug */,
				D0F88CDD1CEF1F5B00E82C79 /* Release */,
			);
			defaultConfigurationIsVisible = 0;
			defaultConfigurationName = Release;
		};
/* End XCConfigurationList section */
	};
	rootObject = D0F88CD81CEF1F5B00E82C79 /* Project object */;
}
